// !$*UTF8*$!
{
	archiveVersion = 1;
	classes = {
	};
	objectVersion = 56;
	objects = {

/* Begin PBXBuildFile section */
		B13D66C92ACADAA4009A1682 /* FirebaseAnalytics in Frameworks */ = {isa = PBXBuildFile; productRef = B13D66C82ACADAA4009A1682 /* FirebaseAnalytics */; };
		B13D66CB2ACADAA4009A1682 /* FirebaseAnalyticsSwift in Frameworks */ = {isa = PBXBuildFile; productRef = B13D66CA2ACADAA4009A1682 /* FirebaseAnalyticsSwift */; };
		B13D66CD2ACADAA4009A1682 /* FirebaseAuth in Frameworks */ = {isa = PBXBuildFile; productRef = B13D66CC2ACADAA4009A1682 /* FirebaseAuth */; };
		B13D66D52ACADB39009A1682 /* AuthenticationManager.swift in Sources */ = {isa = PBXBuildFile; fileRef = B13D66D42ACADB39009A1682 /* AuthenticationManager.swift */; };
		B13D66D72ACADB55009A1682 /* loginView.swift in Sources */ = {isa = PBXBuildFile; fileRef = B13D66D62ACADB55009A1682 /* loginView.swift */; };
		B13D66D92ACADB70009A1682 /* SignInEmailView.swift in Sources */ = {isa = PBXBuildFile; fileRef = B13D66D82ACADB70009A1682 /* SignInEmailView.swift */; };
		B13D66DB2ACADB88009A1682 /* RootView.swift in Sources */ = {isa = PBXBuildFile; fileRef = B13D66DA2ACADB88009A1682 /* RootView.swift */; };
		B13D66DD2ACADBA1009A1682 /* SettingView.swift in Sources */ = {isa = PBXBuildFile; fileRef = B13D66DC2ACADBA1009A1682 /* SettingView.swift */; };
		B13D66DF2ACAEB32009A1682 /* GoogleService-Info.plist in Resources */ = {isa = PBXBuildFile; fileRef = B13D66DE2ACAEB32009A1682 /* GoogleService-Info.plist */; };
		B13D66E22ACAEC15009A1682 /* GoogleSignIn in Frameworks */ = {isa = PBXBuildFile; productRef = B13D66E12ACAEC15009A1682 /* GoogleSignIn */; };
		B13D66E42ACAEC15009A1682 /* GoogleSignInSwift in Frameworks */ = {isa = PBXBuildFile; productRef = B13D66E32ACAEC15009A1682 /* GoogleSignInSwift */; };
		B15A5EE229E955E20016BF84 /* To_do_listsApp.swift in Sources */ = {isa = PBXBuildFile; fileRef = B15A5EE129E955E20016BF84 /* To_do_listsApp.swift */; };
		B15A5EE429E955E20016BF84 /* ContentView.swift in Sources */ = {isa = PBXBuildFile; fileRef = B15A5EE329E955E20016BF84 /* ContentView.swift */; };
		B15A5EE629E955E40016BF84 /* Assets.xcassets in Resources */ = {isa = PBXBuildFile; fileRef = B15A5EE529E955E40016BF84 /* Assets.xcassets */; };
		B15A5EEA29E955E40016BF84 /* Preview Assets.xcassets in Resources */ = {isa = PBXBuildFile; fileRef = B15A5EE929E955E40016BF84 /* Preview Assets.xcassets */; };
		B15A5EF629EACBCF0016BF84 /* FileManager - document directory.swift in Sources */ = {isa = PBXBuildFile; fileRef = B15A5EF529EACBCF0016BF84 /* FileManager - document directory.swift */; };
		B15A5EF829EACC6A0016BF84 /* newLists.swift in Sources */ = {isa = PBXBuildFile; fileRef = B15A5EF729EACC6A0016BF84 /* newLists.swift */; };
		B19C86632AC2CD6B00A9C66B /* Theme.swift in Sources */ = {isa = PBXBuildFile; fileRef = B19C86622AC2CD6B00A9C66B /* Theme.swift */; };
		B1A064D72AC7312600B76DCE /* EditView.swift in Sources */ = {isa = PBXBuildFile; fileRef = B1A064D62AC7312600B76DCE /* EditView.swift */; };
		B1AAF21D2ABD22B1001CC90A /* SortingFunction.swift in Sources */ = {isa = PBXBuildFile; fileRef = B1AAF21C2ABD22B1001CC90A /* SortingFunction.swift */; };
		B1AAF21F2ABD2A2C001CC90A /* addItemView.swift in Sources */ = {isa = PBXBuildFile; fileRef = B1AAF21E2ABD2A2B001CC90A /* addItemView.swift */; };
		B1AAF2212ABD3DBF001CC90A /* ListView.swift in Sources */ = {isa = PBXBuildFile; fileRef = B1AAF2202ABD3DBE001CC90A /* ListView.swift */; };
		B1AAF2232ABD432B001CC90A /* ListViewByDate.swift in Sources */ = {isa = PBXBuildFile; fileRef = B1AAF2222ABD432B001CC90A /* ListViewByDate.swift */; };
/* End PBXBuildFile section */

/* Begin PBXFileReference section */
		B13D66D42ACADB39009A1682 /* AuthenticationManager.swift */ = {isa = PBXFileReference; lastKnownFileType = sourcecode.swift; path = AuthenticationManager.swift; sourceTree = "<group>"; };
		B13D66D62ACADB55009A1682 /* loginView.swift */ = {isa = PBXFileReference; lastKnownFileType = sourcecode.swift; path = loginView.swift; sourceTree = "<group>"; };
		B13D66D82ACADB70009A1682 /* SignInEmailView.swift */ = {isa = PBXFileReference; lastKnownFileType = sourcecode.swift; path = SignInEmailView.swift; sourceTree = "<group>"; };
		B13D66DA2ACADB88009A1682 /* RootView.swift */ = {isa = PBXFileReference; lastKnownFileType = sourcecode.swift; path = RootView.swift; sourceTree = "<group>"; };
		B13D66DC2ACADBA1009A1682 /* SettingView.swift */ = {isa = PBXFileReference; lastKnownFileType = sourcecode.swift; path = SettingView.swift; sourceTree = "<group>"; };
		B13D66DE2ACAEB32009A1682 /* GoogleService-Info.plist */ = {isa = PBXFileReference; fileEncoding = 4; lastKnownFileType = text.plist.xml; path = "GoogleService-Info.plist"; sourceTree = "<group>"; };
		B15A5EDE29E955E20016BF84 /* To do lists.app */ = {isa = PBXFileReference; explicitFileType = wrapper.application; includeInIndex = 0; path = "To do lists.app"; sourceTree = BUILT_PRODUCTS_DIR; };
		B15A5EE129E955E20016BF84 /* To_do_listsApp.swift */ = {isa = PBXFileReference; lastKnownFileType = sourcecode.swift; path = To_do_listsApp.swift; sourceTree = "<group>"; };
		B15A5EE329E955E20016BF84 /* ContentView.swift */ = {isa = PBXFileReference; lastKnownFileType = sourcecode.swift; path = ContentView.swift; sourceTree = "<group>"; };
		B15A5EE529E955E40016BF84 /* Assets.xcassets */ = {isa = PBXFileReference; lastKnownFileType = folder.assetcatalog; path = Assets.xcassets; sourceTree = "<group>"; };
		B15A5EE729E955E40016BF84 /* To_do_lists.entitlements */ = {isa = PBXFileReference; lastKnownFileType = text.plist.entitlements; path = To_do_lists.entitlements; sourceTree = "<group>"; };
		B15A5EE929E955E40016BF84 /* Preview Assets.xcassets */ = {isa = PBXFileReference; lastKnownFileType = folder.assetcatalog; path = "Preview Assets.xcassets"; sourceTree = "<group>"; };
		B15A5EF029EA07FC0016BF84 /* To-do-lists-Info.plist */ = {isa = PBXFileReference; lastKnownFileType = text.plist; path = "To-do-lists-Info.plist"; sourceTree = SOURCE_ROOT; };
		B15A5EF529EACBCF0016BF84 /* FileManager - document directory.swift */ = {isa = PBXFileReference; lastKnownFileType = sourcecode.swift; path = "FileManager - document directory.swift"; sourceTree = "<group>"; };
		B15A5EF729EACC6A0016BF84 /* newLists.swift */ = {isa = PBXFileReference; lastKnownFileType = sourcecode.swift; path = newLists.swift; sourceTree = "<group>"; };
		B19C86622AC2CD6B00A9C66B /* Theme.swift */ = {isa = PBXFileReference; lastKnownFileType = sourcecode.swift; path = Theme.swift; sourceTree = "<group>"; };
		B1A064D62AC7312600B76DCE /* EditView.swift */ = {isa = PBXFileReference; lastKnownFileType = sourcecode.swift; path = EditView.swift; sourceTree = "<group>"; };
		B1AAF21C2ABD22B1001CC90A /* SortingFunction.swift */ = {isa = PBXFileReference; lastKnownFileType = sourcecode.swift; path = SortingFunction.swift; sourceTree = "<group>"; };
		B1AAF21E2ABD2A2B001CC90A /* addItemView.swift */ = {isa = PBXFileReference; lastKnownFileType = sourcecode.swift; path = addItemView.swift; sourceTree = "<group>"; };
		B1AAF2202ABD3DBE001CC90A /* ListView.swift */ = {isa = PBXFileReference; lastKnownFileType = sourcecode.swift; path = ListView.swift; sourceTree = "<group>"; };
		B1AAF2222ABD432B001CC90A /* ListViewByDate.swift */ = {isa = PBXFileReference; lastKnownFileType = sourcecode.swift; path = ListViewByDate.swift; sourceTree = "<group>"; };
/* End PBXFileReference section */

/* Begin PBXFrameworksBuildPhase section */
		B15A5EDB29E955E20016BF84 /* Frameworks */ = {
			isa = PBXFrameworksBuildPhase;
			buildActionMask = 2147483647;
			files = (
				B13D66E42ACAEC15009A1682 /* GoogleSignInSwift in Frameworks */,
				B13D66CB2ACADAA4009A1682 /* FirebaseAnalyticsSwift in Frameworks */,
				B13D66E22ACAEC15009A1682 /* GoogleSignIn in Frameworks */,
				B13D66CD2ACADAA4009A1682 /* FirebaseAuth in Frameworks */,
				B13D66C92ACADAA4009A1682 /* FirebaseAnalytics in Frameworks */,
			);
			runOnlyForDeploymentPostprocessing = 0;
		};
/* End PBXFrameworksBuildPhase section */

/* Begin PBXGroup section */
		B13D66C62ACAD9E2009A1682 /* todoBasic */ = {
			isa = PBXGroup;
			children = (
				B19C86622AC2CD6B00A9C66B /* Theme.swift */,
				B1AAF2222ABD432B001CC90A /* ListViewByDate.swift */,
				B1AAF2202ABD3DBE001CC90A /* ListView.swift */,
				B1A064D62AC7312600B76DCE /* EditView.swift */,
				B1AAF21E2ABD2A2B001CC90A /* addItemView.swift */,
				B1AAF21C2ABD22B1001CC90A /* SortingFunction.swift */,
				B15A5EF729EACC6A0016BF84 /* newLists.swift */,
				B15A5EF529EACBCF0016BF84 /* FileManager - document directory.swift */,
			);
			path = todoBasic;
			sourceTree = "<group>";
		};
		B15A5ED529E955E20016BF84 = {
			isa = PBXGroup;
			children = (
				B15A5EE029E955E20016BF84 /* To do lists */,
				B15A5EDF29E955E20016BF84 /* Products */,
			);
			sourceTree = "<group>";
		};
		B15A5EDF29E955E20016BF84 /* Products */ = {
			isa = PBXGroup;
			children = (
				B15A5EDE29E955E20016BF84 /* To do lists.app */,
			);
			name = Products;
			sourceTree = "<group>";
		};
		B15A5EE029E955E20016BF84 /* To do lists */ = {
			isa = PBXGroup;
			children = (
				B15A5EF029EA07FC0016BF84 /* To-do-lists-Info.plist */,
				B15A5EE129E955E20016BF84 /* To_do_listsApp.swift */,
				B15A5EE329E955E20016BF84 /* ContentView.swift */,
				B13D66D42ACADB39009A1682 /* AuthenticationManager.swift */,
				B13D66D62ACADB55009A1682 /* loginView.swift */,
				B13D66D82ACADB70009A1682 /* SignInEmailView.swift */,
				B13D66DA2ACADB88009A1682 /* RootView.swift */,
				B13D66DC2ACADBA1009A1682 /* SettingView.swift */,
				B13D66DE2ACAEB32009A1682 /* GoogleService-Info.plist */,
				B13D66C62ACAD9E2009A1682 /* todoBasic */,
				B15A5EE529E955E40016BF84 /* Assets.xcassets */,
				B15A5EE729E955E40016BF84 /* To_do_lists.entitlements */,
				B15A5EE829E955E40016BF84 /* Preview Content */,
			);
			path = "To do lists";
			sourceTree = "<group>";
		};
		B15A5EE829E955E40016BF84 /* Preview Content */ = {
			isa = PBXGroup;
			children = (
				B15A5EE929E955E40016BF84 /* Preview Assets.xcassets */,
			);
			path = "Preview Content";
			sourceTree = "<group>";
		};
/* End PBXGroup section */

/* Begin PBXNativeTarget section */
		B15A5EDD29E955E20016BF84 /* To do lists */ = {
			isa = PBXNativeTarget;
			buildConfigurationList = B15A5EED29E955E40016BF84 /* Build configuration list for PBXNativeTarget "To do lists" */;
			buildPhases = (
				B15A5EDA29E955E20016BF84 /* Sources */,
				B15A5EDB29E955E20016BF84 /* Frameworks */,
				B15A5EDC29E955E20016BF84 /* Resources */,
			);
			buildRules = (
			);
			dependencies = (
			);
			name = "To do lists";
			packageProductDependencies = (
				B13D66C82ACADAA4009A1682 /* FirebaseAnalytics */,
				B13D66CA2ACADAA4009A1682 /* FirebaseAnalyticsSwift */,
				B13D66CC2ACADAA4009A1682 /* FirebaseAuth */,
				B13D66E12ACAEC15009A1682 /* GoogleSignIn */,
				B13D66E32ACAEC15009A1682 /* GoogleSignInSwift */,
			);
			productName = "To do lists";
			productReference = B15A5EDE29E955E20016BF84 /* To do lists.app */;
			productType = "com.apple.product-type.application";
		};
/* End PBXNativeTarget section */

/* Begin PBXProject section */
		B15A5ED629E955E20016BF84 /* Project object */ = {
			isa = PBXProject;
			attributes = {
				BuildIndependentTargetsInParallel = 1;
				LastSwiftUpdateCheck = 1420;
				LastUpgradeCheck = 1420;
				TargetAttributes = {
					B15A5EDD29E955E20016BF84 = {
						CreatedOnToolsVersion = 14.2;
					};
				};
			};
			buildConfigurationList = B15A5ED929E955E20016BF84 /* Build configuration list for PBXProject "To do lists" */;
			compatibilityVersion = "Xcode 14.0";
			developmentRegion = en;
			hasScannedForEncodings = 0;
			knownRegions = (
				en,
				Base,
			);
			mainGroup = B15A5ED529E955E20016BF84;
			packageReferences = (
				B13D66C72ACADAA4009A1682 /* XCRemoteSwiftPackageReference "firebase-ios-sdk" */,
				B13D66E02ACAEC15009A1682 /* XCRemoteSwiftPackageReference "GoogleSignIn-iOS" */,
			);
			productRefGroup = B15A5EDF29E955E20016BF84 /* Products */;
			projectDirPath = "";
			projectRoot = "";
			targets = (
				B15A5EDD29E955E20016BF84 /* To do lists */,
			);
		};
/* End PBXProject section */

/* Begin PBXResourcesBuildPhase section */
		B15A5EDC29E955E20016BF84 /* Resources */ = {
			isa = PBXResourcesBuildPhase;
			buildActionMask = 2147483647;
			files = (
				B15A5EEA29E955E40016BF84 /* Preview Assets.xcassets in Resources */,
				B15A5EE629E955E40016BF84 /* Assets.xcassets in Resources */,
				B13D66DF2ACAEB32009A1682 /* GoogleService-Info.plist in Resources */,
			);
			runOnlyForDeploymentPostprocessing = 0;
		};
/* End PBXResourcesBuildPhase section */

/* Begin PBXSourcesBuildPhase section */
		B15A5EDA29E955E20016BF84 /* Sources */ = {
			isa = PBXSourcesBuildPhase;
			buildActionMask = 2147483647;
			files = (
				B19C86632AC2CD6B00A9C66B /* Theme.swift in Sources */,
				B13D66D92ACADB70009A1682 /* SignInEmailView.swift in Sources */,
				B15A5EF629EACBCF0016BF84 /* FileManager - document directory.swift in Sources */,
				B13D66D52ACADB39009A1682 /* AuthenticationManager.swift in Sources */,
				B13D66DB2ACADB88009A1682 /* RootView.swift in Sources */,
				B15A5EE429E955E20016BF84 /* ContentView.swift in Sources */,
				B13D66DD2ACADBA1009A1682 /* SettingView.swift in Sources */,
				B15A5EF829EACC6A0016BF84 /* newLists.swift in Sources */,
				B1AAF2212ABD3DBF001CC90A /* ListView.swift in Sources */,
				B1AAF21D2ABD22B1001CC90A /* SortingFunction.swift in Sources */,
				B1A064D72AC7312600B76DCE /* EditView.swift in Sources */,
				B15A5EE229E955E20016BF84 /* To_do_listsApp.swift in Sources */,
				B1AAF21F2ABD2A2C001CC90A /* addItemView.swift in Sources */,
				B13D66D72ACADB55009A1682 /* loginView.swift in Sources */,
				B1AAF2232ABD432B001CC90A /* ListViewByDate.swift in Sources */,
			);
			runOnlyForDeploymentPostprocessing = 0;
		};
/* End PBXSourcesBuildPhase section */

/* Begin XCBuildConfiguration section */
		B15A5EEB29E955E40016BF84 /* Debug */ = {
			isa = XCBuildConfiguration;
			buildSettings = {
				ALWAYS_SEARCH_USER_PATHS = NO;
				CLANG_ANALYZER_NONNULL = YES;
				CLANG_ANALYZER_NUMBER_OBJECT_CONVERSION = YES_AGGRESSIVE;
				CLANG_CXX_LANGUAGE_STANDARD = "gnu++20";
				CLANG_ENABLE_MODULES = YES;
				CLANG_ENABLE_OBJC_ARC = YES;
				CLANG_ENABLE_OBJC_WEAK = YES;
				CLANG_WARN_BLOCK_CAPTURE_AUTORELEASING = YES;
				CLANG_WARN_BOOL_CONVERSION = YES;
				CLANG_WARN_COMMA = YES;
				CLANG_WARN_CONSTANT_CONVERSION = YES;
				CLANG_WARN_DEPRECATED_OBJC_IMPLEMENTATIONS = YES;
				CLANG_WARN_DIRECT_OBJC_ISA_USAGE = YES_ERROR;
				CLANG_WARN_DOCUMENTATION_COMMENTS = YES;
				CLANG_WARN_EMPTY_BODY = YES;
				CLANG_WARN_ENUM_CONVERSION = YES;
				CLANG_WARN_INFINITE_RECURSION = YES;
				CLANG_WARN_INT_CONVERSION = YES;
				CLANG_WARN_NON_LITERAL_NULL_CONVERSION = YES;
				CLANG_WARN_OBJC_IMPLICIT_RETAIN_SELF = YES;
				CLANG_WARN_OBJC_LITERAL_CONVERSION = YES;
				CLANG_WARN_OBJC_ROOT_CLASS = YES_ERROR;
				CLANG_WARN_QUOTED_INCLUDE_IN_FRAMEWORK_HEADER = YES;
				CLANG_WARN_RANGE_LOOP_ANALYSIS = YES;
				CLANG_WARN_STRICT_PROTOTYPES = YES;
				CLANG_WARN_SUSPICIOUS_MOVE = YES;
				CLANG_WARN_UNGUARDED_AVAILABILITY = YES_AGGRESSIVE;
				CLANG_WARN_UNREACHABLE_CODE = YES;
				CLANG_WARN__DUPLICATE_METHOD_MATCH = YES;
				COPY_PHASE_STRIP = NO;
				DEBUG_INFORMATION_FORMAT = dwarf;
				ENABLE_STRICT_OBJC_MSGSEND = YES;
				ENABLE_TESTABILITY = YES;
				GCC_C_LANGUAGE_STANDARD = gnu11;
				GCC_DYNAMIC_NO_PIC = NO;
				GCC_NO_COMMON_BLOCKS = YES;
				GCC_OPTIMIZATION_LEVEL = 0;
				GCC_PREPROCESSOR_DEFINITIONS = (
					"DEBUG=1",
					"$(inherited)",
				);
				GCC_WARN_64_TO_32_BIT_CONVERSION = YES;
				GCC_WARN_ABOUT_RETURN_TYPE = YES_ERROR;
				GCC_WARN_UNDECLARED_SELECTOR = YES;
				GCC_WARN_UNINITIALIZED_AUTOS = YES_AGGRESSIVE;
				GCC_WARN_UNUSED_FUNCTION = YES;
				GCC_WARN_UNUSED_VARIABLE = YES;
				IPHONEOS_DEPLOYMENT_TARGET = 16.2;
				MACOSX_DEPLOYMENT_TARGET = 13.1;
				MTL_ENABLE_DEBUG_INFO = INCLUDE_SOURCE;
				MTL_FAST_MATH = YES;
				ONLY_ACTIVE_ARCH = YES;
				SWIFT_ACTIVE_COMPILATION_CONDITIONS = DEBUG;
				SWIFT_OPTIMIZATION_LEVEL = "-Onone";
			};
			name = Debug;
		};
		B15A5EEC29E955E40016BF84 /* Release */ = {
			isa = XCBuildConfiguration;
			buildSettings = {
				ALWAYS_SEARCH_USER_PATHS = NO;
				CLANG_ANALYZER_NONNULL = YES;
				CLANG_ANALYZER_NUMBER_OBJECT_CONVERSION = YES_AGGRESSIVE;
				CLANG_CXX_LANGUAGE_STANDARD = "gnu++20";
				CLANG_ENABLE_MODULES = YES;
				CLANG_ENABLE_OBJC_ARC = YES;
				CLANG_ENABLE_OBJC_WEAK = YES;
				CLANG_WARN_BLOCK_CAPTURE_AUTORELEASING = YES;
				CLANG_WARN_BOOL_CONVERSION = YES;
				CLANG_WARN_COMMA = YES;
				CLANG_WARN_CONSTANT_CONVERSION = YES;
				CLANG_WARN_DEPRECATED_OBJC_IMPLEMENTATIONS = YES;
				CLANG_WARN_DIRECT_OBJC_ISA_USAGE = YES_ERROR;
				CLANG_WARN_DOCUMENTATION_COMMENTS = YES;
				CLANG_WARN_EMPTY_BODY = YES;
				CLANG_WARN_ENUM_CONVERSION = YES;
				CLANG_WARN_INFINITE_RECURSION = YES;
				CLANG_WARN_INT_CONVERSION = YES;
				CLANG_WARN_NON_LITERAL_NULL_CONVERSION = YES;
				CLANG_WARN_OBJC_IMPLICIT_RETAIN_SELF = YES;
				CLANG_WARN_OBJC_LITERAL_CONVERSION = YES;
				CLANG_WARN_OBJC_ROOT_CLASS = YES_ERROR;
				CLANG_WARN_QUOTED_INCLUDE_IN_FRAMEWORK_HEADER = YES;
				CLANG_WARN_RANGE_LOOP_ANALYSIS = YES;
				CLANG_WARN_STRICT_PROTOTYPES = YES;
				CLANG_WARN_SUSPICIOUS_MOVE = YES;
				CLANG_WARN_UNGUARDED_AVAILABILITY = YES_AGGRESSIVE;
				CLANG_WARN_UNREACHABLE_CODE = YES;
				CLANG_WARN__DUPLICATE_METHOD_MATCH = YES;
				COPY_PHASE_STRIP = NO;
				DEBUG_INFORMATION_FORMAT = "dwarf-with-dsym";
				ENABLE_NS_ASSERTIONS = NO;
				ENABLE_STRICT_OBJC_MSGSEND = YES;
				GCC_C_LANGUAGE_STANDARD = gnu11;
				GCC_NO_COMMON_BLOCKS = YES;
				GCC_WARN_64_TO_32_BIT_CONVERSION = YES;
				GCC_WARN_ABOUT_RETURN_TYPE = YES_ERROR;
				GCC_WARN_UNDECLARED_SELECTOR = YES;
				GCC_WARN_UNINITIALIZED_AUTOS = YES_AGGRESSIVE;
				GCC_WARN_UNUSED_FUNCTION = YES;
				GCC_WARN_UNUSED_VARIABLE = YES;
				IPHONEOS_DEPLOYMENT_TARGET = 16.2;
				MACOSX_DEPLOYMENT_TARGET = 13.1;
				MTL_ENABLE_DEBUG_INFO = NO;
				MTL_FAST_MATH = YES;
				SWIFT_COMPILATION_MODE = wholemodule;
				SWIFT_OPTIMIZATION_LEVEL = "-O";
			};
			name = Release;
		};
		B15A5EEE29E955E40016BF84 /* Debug */ = {
			isa = XCBuildConfiguration;
			buildSettings = {
				ASSETCATALOG_COMPILER_APPICON_NAME = AppIcon;
				ASSETCATALOG_COMPILER_GLOBAL_ACCENT_COLOR_NAME = AccentColor;
				CODE_SIGN_ENTITLEMENTS = "To do lists/To_do_lists.entitlements";
				CODE_SIGN_STYLE = Automatic;
				CURRENT_PROJECT_VERSION = 1;
				DEVELOPMENT_ASSET_PATHS = "\"To do lists/Preview Content\"";
				DEVELOPMENT_TEAM = 99327TCA93;
				ENABLE_HARDENED_RUNTIME = YES;
				ENABLE_PREVIEWS = YES;
				GENERATE_INFOPLIST_FILE = YES;
				INFOPLIST_FILE = "To-do-lists-Info.plist";
				INFOPLIST_KEY_LSApplicationCategoryType = "public.app-category.utilities";
				INFOPLIST_KEY_NSFaceIDUsageDescription = "We need to unlock Private Item List";
				"INFOPLIST_KEY_UIApplicationSceneManifest_Generation[sdk=iphoneos*]" = YES;
				"INFOPLIST_KEY_UIApplicationSceneManifest_Generation[sdk=iphonesimulator*]" = YES;
				"INFOPLIST_KEY_UIApplicationSupportsIndirectInputEvents[sdk=iphoneos*]" = YES;
				"INFOPLIST_KEY_UIApplicationSupportsIndirectInputEvents[sdk=iphonesimulator*]" = YES;
				"INFOPLIST_KEY_UILaunchScreen_Generation[sdk=iphoneos*]" = YES;
				"INFOPLIST_KEY_UILaunchScreen_Generation[sdk=iphonesimulator*]" = YES;
				"INFOPLIST_KEY_UIStatusBarStyle[sdk=iphoneos*]" = UIStatusBarStyleDefault;
				"INFOPLIST_KEY_UIStatusBarStyle[sdk=iphonesimulator*]" = UIStatusBarStyleDefault;
				INFOPLIST_KEY_UISupportedInterfaceOrientations_iPad = "UIInterfaceOrientationPortrait UIInterfaceOrientationPortraitUpsideDown UIInterfaceOrientationLandscapeLeft UIInterfaceOrientationLandscapeRight";
				INFOPLIST_KEY_UISupportedInterfaceOrientations_iPhone = "UIInterfaceOrientationPortrait UIInterfaceOrientationLandscapeLeft UIInterfaceOrientationLandscapeRight";
				IPHONEOS_DEPLOYMENT_TARGET = 16.2;
				LD_RUNPATH_SEARCH_PATHS = "@executable_path/Frameworks";
				"LD_RUNPATH_SEARCH_PATHS[sdk=macosx*]" = "@executable_path/../Frameworks";
				MACOSX_DEPLOYMENT_TARGET = 13.1;
				MARKETING_VERSION = 1.0;
				PRODUCT_BUNDLE_IDENTIFIER = "com.agarwalHarshit.To-do-lists";
				PRODUCT_NAME = "$(TARGET_NAME)";
				SDKROOT = auto;
				SUPPORTED_PLATFORMS = "iphoneos iphonesimulator macosx";
				SWIFT_EMIT_LOC_STRINGS = YES;
				SWIFT_VERSION = 5.0;
				TARGETED_DEVICE_FAMILY = "1,2";
			};
			name = Debug;
		};
		B15A5EEF29E955E40016BF84 /* Release */ = {
			isa = XCBuildConfiguration;
			buildSettings = {
				ASSETCATALOG_COMPILER_APPICON_NAME = AppIcon;
				ASSETCATALOG_COMPILER_GLOBAL_ACCENT_COLOR_NAME = AccentColor;
				CODE_SIGN_ENTITLEMENTS = "To do lists/To_do_lists.entitlements";
				CODE_SIGN_STYLE = Automatic;
				CURRENT_PROJECT_VERSION = 1;
				DEVELOPMENT_ASSET_PATHS = "\"To do lists/Preview Content\"";
				DEVELOPMENT_TEAM = 99327TCA93;
				ENABLE_HARDENED_RUNTIME = YES;
				ENABLE_PREVIEWS = YES;
				GENERATE_INFOPLIST_FILE = YES;
				INFOPLIST_FILE = "To-do-lists-Info.plist";
				INFOPLIST_KEY_LSApplicationCategoryType = "public.app-category.utilities";
				INFOPLIST_KEY_NSFaceIDUsageDescription = "We need to unlock Private Item List";
				"INFOPLIST_KEY_UIApplicationSceneManifest_Generation[sdk=iphoneos*]" = YES;
				"INFOPLIST_KEY_UIApplicationSceneManifest_Generation[sdk=iphonesimulator*]" = YES;
				"INFOPLIST_KEY_UIApplicationSupportsIndirectInputEvents[sdk=iphoneos*]" = YES;
				"INFOPLIST_KEY_UIApplicationSupportsIndirectInputEvents[sdk=iphonesimulator*]" = YES;
				"INFOPLIST_KEY_UILaunchScreen_Generation[sdk=iphoneos*]" = YES;
				"INFOPLIST_KEY_UILaunchScreen_Generation[sdk=iphonesimulator*]" = YES;
				"INFOPLIST_KEY_UIStatusBarStyle[sdk=iphoneos*]" = UIStatusBarStyleDefault;
				"INFOPLIST_KEY_UIStatusBarStyle[sdk=iphonesimulator*]" = UIStatusBarStyleDefault;
				INFOPLIST_KEY_UISupportedInterfaceOrientations_iPad = "UIInterfaceOrientationPortrait UIInterfaceOrientationPortraitUpsideDown UIInterfaceOrientationLandscapeLeft UIInterfaceOrientationLandscapeRight";
				INFOPLIST_KEY_UISupportedInterfaceOrientations_iPhone = "UIInterfaceOrientationPortrait UIInterfaceOrientationLandscapeLeft UIInterfaceOrientationLandscapeRight";
				IPHONEOS_DEPLOYMENT_TARGET = 16.2;
				LD_RUNPATH_SEARCH_PATHS = "@executable_path/Frameworks";
				"LD_RUNPATH_SEARCH_PATHS[sdk=macosx*]" = "@executable_path/../Frameworks";
				MACOSX_DEPLOYMENT_TARGET = 13.1;
				MARKETING_VERSION = 1.0;
				PRODUCT_BUNDLE_IDENTIFIER = "com.agarwalHarshit.To-do-lists";
				PRODUCT_NAME = "$(TARGET_NAME)";
				SDKROOT = auto;
				SUPPORTED_PLATFORMS = "iphoneos iphonesimulator macosx";
				SWIFT_EMIT_LOC_STRINGS = YES;
				SWIFT_VERSION = 5.0;
				TARGETED_DEVICE_FAMILY = "1,2";
			};
			name = Release;
		};
/* End XCBuildConfiguration section */

/* Begin XCConfigurationList section */
		B15A5ED929E955E20016BF84 /* Build configuration list for PBXProject "To do lists" */ = {
			isa = XCConfigurationList;
			buildConfigurations = (
				B15A5EEB29E955E40016BF84 /* Debug */,
				B15A5EEC29E955E40016BF84 /* Release */,
			);
			defaultConfigurationIsVisible = 0;
			defaultConfigurationName = Release;
		};
		B15A5EED29E955E40016BF84 /* Build configuration list for PBXNativeTarget "To do lists" */ = {
			isa = XCConfigurationList;
			buildConfigurations = (
				B15A5EEE29E955E40016BF84 /* Debug */,
				B15A5EEF29E955E40016BF84 /* Release */,
			);
			defaultConfigurationIsVisible = 0;
			defaultConfigurationName = Release;
		};
/* End XCConfigurationList section */

/* Begin XCRemoteSwiftPackageReference section */
		B13D66C72ACADAA4009A1682 /* XCRemoteSwiftPackageReference "firebase-ios-sdk" */ = {
			isa = XCRemoteSwiftPackageReference;
			repositoryURL = "https://github.com/firebase/firebase-ios-sdk";
			requirement = {
				kind = exactVersion;
				version = 10.15.0;
			};
		};
		B13D66E02ACAEC15009A1682 /* XCRemoteSwiftPackageReference "GoogleSignIn-iOS" */ = {
			isa = XCRemoteSwiftPackageReference;
			repositoryURL = "https://github.com/google/GoogleSignIn-iOS.git";
			requirement = {
				kind = exactVersion;
				version = 7.0.0;
			};
		};
/* End XCRemoteSwiftPackageReference section */

/* Begin XCSwiftPackageProductDependency section */
		B13D66C82ACADAA4009A1682 /* FirebaseAnalytics */ = {
			isa = XCSwiftPackageProductDependency;
			package = B13D66C72ACADAA4009A1682 /* XCRemoteSwiftPackageReference "firebase-ios-sdk" */;
			productName = FirebaseAnalytics;
		};
		B13D66CA2ACADAA4009A1682 /* FirebaseAnalyticsSwift */ = {
			isa = XCSwiftPackageProductDependency;
			package = B13D66C72ACADAA4009A1682 /* XCRemoteSwiftPackageReference "firebase-ios-sdk" */;
			productName = FirebaseAnalyticsSwift;
		};
		B13D66CC2ACADAA4009A1682 /* FirebaseAuth */ = {
			isa = XCSwiftPackageProductDependency;
			package = B13D66C72ACADAA4009A1682 /* XCRemoteSwiftPackageReference "firebase-ios-sdk" */;
			productName = FirebaseAuth;
		};
		B13D66E12ACAEC15009A1682 /* GoogleSignIn */ = {
			isa = XCSwiftPackageProductDependency;
			package = B13D66E02ACAEC15009A1682 /* XCRemoteSwiftPackageReference "GoogleSignIn-iOS" */;
			productName = GoogleSignIn;
		};
		B13D66E32ACAEC15009A1682 /* GoogleSignInSwift */ = {
			isa = XCSwiftPackageProductDependency;
			package = B13D66E02ACAEC15009A1682 /* XCRemoteSwiftPackageReference "GoogleSignIn-iOS" */;
			productName = GoogleSignInSwift;
		};
/* End XCSwiftPackageProductDependency section */
	};
	rootObject = B15A5ED629E955E20016BF84 /* Project object */;
}
